
Microsoft Visual Studio Solution File, Format Version 12.00
# Visual Studio Version 16
VisualStudioVersion = 16.0.31515.178
MinimumVisualStudioVersion = 10.0.40219.1
Project("{FAE04EC0-301F-11D3-BF4B-00C04F79EFBC}") = "F16", "F16\F16.csproj", "{3DA1FD30-FEAC-4B90-85D9-7C394F1CC160}"
EndProject
Global
	GlobalSection(SolutionConfigurationPlatforms) = preSolution
		Debug|Any CPU = Debug|Any CPU
		Release|Any CPU = Release|Any CPU
	EndGlobalSection
	GlobalSection(ProjectConfigurationPlatforms) = postSolution
		{3DA1FD30-FEAC-4B90-85D9-7C394F1CC160}.Debug|Any CPU.ActiveCfg = Debug|Any CPU
		{3DA1FD30-FEAC-4B90-85D9-7C394F1CC160}.Debug|Any CPU.Build.0 = Debug|Any CPU
		{3DA1FD30-FEAC-4B90-85D9-7C394F1CC160}.Release|Any CPU.ActiveCfg = Release|Any CPU
		{3DA1FD30-FEAC-4B90-85D9-7C394F1CC160}.Release|Any CPU.Build.0 = Release|Any CPU
	EndGlobalSection
	GlobalSection(SolutionProperties) = preSolution
		HideSolutionNode = FALSE
	EndGlobalSection
	GlobalSection(ExtensibilityGlobals) = postSolution
		SolutionGuid = {472D3A4E-0AA8-4FAD-AE8E-8BDC9CD47D2B}
	EndGlobalSection
EndGlobal
